// !$*UTF8*$!
{
	archiveVersion = 1;
	classes = {
	};
	objectVersion = 46;
	objects = {

/* Begin PBXBuildFile section */
		01C0D1CBFAC7F8572C4172B0 /* Pods_FirebaseDemo.framework in Frameworks */ = {isa = PBXBuildFile; fileRef = CB0C0BFE7AEA2AE190706BCF /* Pods_FirebaseDemo.framework */; };
		6B6F11AC1E81D4B1002E39FB /* AppDelegate.swift in Sources */ = {isa = PBXBuildFile; fileRef = 6B6F11AB1E81D4B1002E39FB /* AppDelegate.swift */; };
		6B6F11AE1E81D4B1002E39FB /* ViewController.swift in Sources */ = {isa = PBXBuildFile; fileRef = 6B6F11AD1E81D4B1002E39FB /* ViewController.swift */; };
		6B6F11B11E81D4B2002E39FB /* Main.storyboard in Resources */ = {isa = PBXBuildFile; fileRef = 6B6F11AF1E81D4B2002E39FB /* Main.storyboard */; };
		6B6F11B31E81D4B3002E39FB /* Assets.xcassets in Resources */ = {isa = PBXBuildFile; fileRef = 6B6F11B21E81D4B3002E39FB /* Assets.xcassets */; };
		6B6F11B61E81D4B3002E39FB /* LaunchScreen.storyboard in Resources */ = {isa = PBXBuildFile; fileRef = 6B6F11B41E81D4B3002E39FB /* LaunchScreen.storyboard */; };
		6BF6A6681E82CD3500B3B439 /* GoogleService-Info.plist in Resources */ = {isa = PBXBuildFile; fileRef = 6BF6A6671E82CD3500B3B439 /* GoogleService-Info.plist */; };
/* End PBXBuildFile section */

/* Begin PBXFileReference section */
		6B6F11A81E81D4B0002E39FB /* FirebaseDemo.app */ = {isa = PBXFileReference; explicitFileType = wrapper.application; includeInIndex = 0; path = FirebaseDemo.app; sourceTree = BUILT_PRODUCTS_DIR; };
		6B6F11AB1E81D4B1002E39FB /* AppDelegate.swift */ = {isa = PBXFileReference; lastKnownFileType = sourcecode.swift; path = AppDelegate.swift; sourceTree = "<group>"; };
		6B6F11AD1E81D4B1002E39FB /* ViewController.swift */ = {isa = PBXFileReference; lastKnownFileType = sourcecode.swift; path = ViewController.swift; sourceTree = "<group>"; };
		6B6F11B01E81D4B2002E39FB /* Base */ = {isa = PBXFileReference; lastKnownFileType = file.storyboard; name = Base; path = Base.lproj/Main.storyboard; sourceTree = "<group>"; };
		6B6F11B21E81D4B3002E39FB /* Assets.xcassets */ = {isa = PBXFileReference; lastKnownFileType = folder.assetcatalog; path = Assets.xcassets; sourceTree = "<group>"; };
		6B6F11B51E81D4B3002E39FB /* Base */ = {isa = PBXFileReference; lastKnownFileType = file.storyboard; name = Base; path = Base.lproj/LaunchScreen.storyboard; sourceTree = "<group>"; };
		6B6F11B71E81D4B3002E39FB /* Info.plist */ = {isa = PBXFileReference; lastKnownFileType = text.plist.xml; path = Info.plist; sourceTree = "<group>"; };
		6BCD86EF9CC8E65F26AA8077 /* Pods-FirebaseDemo.release.xcconfig */ = {isa = PBXFileReference; includeInIndex = 1; lastKnownFileType = text.xcconfig; name = "Pods-FirebaseDemo.release.xcconfig"; path = "Pods/Target Support Files/Pods-FirebaseDemo/Pods-FirebaseDemo.release.xcconfig"; sourceTree = "<group>"; };
		6BDFA5DC1E81DC3000E5AB32 /* FirebaseDemo.entitlements */ = {isa = PBXFileReference; lastKnownFileType = text.plist.entitlements; path = FirebaseDemo.entitlements; sourceTree = "<group>"; };
		6BF6A6671E82CD3500B3B439 /* GoogleService-Info.plist */ = {isa = PBXFileReference; fileEncoding = 4; lastKnownFileType = text.plist.xml; path = "GoogleService-Info.plist"; sourceTree = "<group>"; };
		99EE283F76FF1B7D7D9760D1 /* Pods-FirebaseDemo.debug.xcconfig */ = {isa = PBXFileReference; includeInIndex = 1; lastKnownFileType = text.xcconfig; name = "Pods-FirebaseDemo.debug.xcconfig"; path = "Pods/Target Support Files/Pods-FirebaseDemo/Pods-FirebaseDemo.debug.xcconfig"; sourceTree = "<group>"; };
		CB0C0BFE7AEA2AE190706BCF /* Pods_FirebaseDemo.framework */ = {isa = PBXFileReference; explicitFileType = wrapper.framework; includeInIndex = 0; path = Pods_FirebaseDemo.framework; sourceTree = BUILT_PRODUCTS_DIR; };
/* End PBXFileReference section */

/* Begin PBXFrameworksBuildPhase section */
		6B6F11A51E81D4A9002E39FB /* Frameworks */ = {
			isa = PBXFrameworksBuildPhase;
			buildActionMask = 2147483647;
			files = (
				01C0D1CBFAC7F8572C4172B0 /* Pods_FirebaseDemo.framework in Frameworks */,
			);
			runOnlyForDeploymentPostprocessing = 0;
		};
/* End PBXFrameworksBuildPhase section */

/* Begin PBXGroup section */
		5D249F2009823AC5134E3469 /* Frameworks */ = {
			isa = PBXGroup;
			children = (
				CB0C0BFE7AEA2AE190706BCF /* Pods_FirebaseDemo.framework */,
			);
			name = Frameworks;
			sourceTree = "<group>";
		};
		6639018976C1AD5C9484F065 /* Pods */ = {
			isa = PBXGroup;
			children = (
				99EE283F76FF1B7D7D9760D1 /* Pods-FirebaseDemo.debug.xcconfig */,
				6BCD86EF9CC8E65F26AA8077 /* Pods-FirebaseDemo.release.xcconfig */,
			);
			name = Pods;
			sourceTree = "<group>";
		};
		6B6F119F1E81D4A8002E39FB = {
			isa = PBXGroup;
			children = (
				6B6F11AA1E81D4B0002E39FB /* FirebaseDemo */,
				6B6F11A91E81D4B0002E39FB /* Products */,
				6639018976C1AD5C9484F065 /* Pods */,
				5D249F2009823AC5134E3469 /* Frameworks */,
			);
			sourceTree = "<group>";
		};
		6B6F11A91E81D4B0002E39FB /* Products */ = {
			isa = PBXGroup;
			children = (
				6B6F11A81E81D4B0002E39FB /* FirebaseDemo.app */,
			);
			name = Products;
			sourceTree = "<group>";
		};
		6B6F11AA1E81D4B0002E39FB /* FirebaseDemo */ = {
			isa = PBXGroup;
			children = (
				6BF6A6671E82CD3500B3B439 /* GoogleService-Info.plist */,
				6BDFA5DC1E81DC3000E5AB32 /* FirebaseDemo.entitlements */,
				6B6F11AB1E81D4B1002E39FB /* AppDelegate.swift */,
				6B6F11AD1E81D4B1002E39FB /* ViewController.swift */,
				6B6F11AF1E81D4B2002E39FB /* Main.storyboard */,
				6B6F11B21E81D4B3002E39FB /* Assets.xcassets */,
				6B6F11B41E81D4B3002E39FB /* LaunchScreen.storyboard */,
				6B6F11B71E81D4B3002E39FB /* Info.plist */,
			);
			path = FirebaseDemo;
			sourceTree = "<group>";
		};
/* End PBXGroup section */

/* Begin PBXNativeTarget section */
		6B6F11A71E81D4A9002E39FB /* FirebaseDemo */ = {
			isa = PBXNativeTarget;
			buildConfigurationList = 6B6F11BA1E81D4B3002E39FB /* Build configuration list for PBXNativeTarget "FirebaseDemo" */;
			buildPhases = (
				7B0357C85567C417E733FA67 /* [CP] Check Pods Manifest.lock */,
				6B6F11A41E81D4A9002E39FB /* Sources */,
				6B6F11A51E81D4A9002E39FB /* Frameworks */,
				6B6F11A61E81D4A9002E39FB /* Resources */,
				B1E770845105DDACB499E867 /* [CP] Embed Pods Frameworks */,
				67F23F215623E8EE16F0F672 /* [CP] Copy Pods Resources */,
			);
			buildRules = (
			);
			dependencies = (
			);
			name = FirebaseDemo;
			productName = FirebaseDemo;
			productReference = 6B6F11A81E81D4B0002E39FB /* FirebaseDemo.app */;
			productType = "com.apple.product-type.application";
		};
/* End PBXNativeTarget section */

/* Begin PBXProject section */
		6B6F11A01E81D4A8002E39FB /* Project object */ = {
			isa = PBXProject;
			attributes = {
				LastSwiftUpdateCheck = 0820;
				LastUpgradeCheck = 0820;
				ORGANIZATIONNAME = Qaagility;
				TargetAttributes = {
					6B6F11A71E81D4A9002E39FB = {
						CreatedOnToolsVersion = 8.2.1;
						DevelopmentTeam = K6X6W49X97;
						ProvisioningStyle = Automatic;
						SystemCapabilities = {
							com.apple.Keychain = {
								enabled = 1;
							};
						};
					};
				};
			};
			buildConfigurationList = 6B6F11A31E81D4A8002E39FB /* Build configuration list for PBXProject "FirebaseDemo" */;
			compatibilityVersion = "Xcode 3.2";
			developmentRegion = English;
			hasScannedForEncodings = 0;
			knownRegions = (
				en,
				Base,
			);
			mainGroup = 6B6F119F1E81D4A8002E39FB;
			productRefGroup = 6B6F11A91E81D4B0002E39FB /* Products */;
			projectDirPath = "";
			projectRoot = "";
			targets = (
				6B6F11A71E81D4A9002E39FB /* FirebaseDemo */,
			);
		};
/* End PBXProject section */

/* Begin PBXResourcesBuildPhase section */
		6B6F11A61E81D4A9002E39FB /* Resources */ = {
			isa = PBXResourcesBuildPhase;
			buildActionMask = 2147483647;
			files = (
				6B6F11B61E81D4B3002E39FB /* LaunchScreen.storyboard in Resources */,
				6BF6A6681E82CD3500B3B439 /* GoogleService-Info.plist in Resources */,
				6B6F11B31E81D4B3002E39FB /* Assets.xcassets in Resources */,
				6B6F11B11E81D4B2002E39FB /* Main.storyboard in Resources */,
			);
			runOnlyForDeploymentPostprocessing = 0;
		};
/* End PBXResourcesBuildPhase section */

/* Begin PBXShellScriptBuildPhase section */
		67F23F215623E8EE16F0F672 /* [CP] Copy Pods Resources */ = {
			isa = PBXShellScriptBuildPhase;
			buildActionMask = 2147483647;
			files = (
			);
			inputPaths = (
			);
			name = "[CP] Copy Pods Resources";
			outputPaths = (
			);
			runOnlyForDeploymentPostprocessing = 0;
			shellPath = /bin/sh;
			shellScript = "\"${SRCROOT}/Pods/Target Support Files/Pods-FirebaseDemo/Pods-FirebaseDemo-resources.sh\"\n";
			showEnvVarsInLog = 0;
		};
		7B0357C85567C417E733FA67 /* [CP] Check Pods Manifest.lock */ = {
			isa = PBXShellScriptBuildPhase;
			buildActionMask = 2147483647;
			files = (
			);
			inputPaths = (
			);
			name = "[CP] Check Pods Manifest.lock";
			outputPaths = (
			);
			runOnlyForDeploymentPostprocessing = 0;
			shellPath = /bin/sh;
			shellScript = "diff \"${PODS_ROOT}/../Podfile.lock\" \"${PODS_ROOT}/Manifest.lock\" > /dev/null\nif [ $? != 0 ] ; then\n    # print error to STDERR\n    echo \"error: The sandbox is not in sync with the Podfile.lock. Run 'pod install' or update your CocoaPods installation.\" >&2\n    exit 1\nfi\n";
			showEnvVarsInLog = 0;
		};
		B1E770845105DDACB499E867 /* [CP] Embed Pods Frameworks */ = {
			isa = PBXShellScriptBuildPhase;
			buildActionMask = 2147483647;
			files = (
			);
			inputPaths = (
			);
			name = "[CP] Embed Pods Frameworks";
			outputPaths = (
			);
			runOnlyForDeploymentPostprocessing = 0;
			shellPath = /bin/sh;
			shellScript = "\"${SRCROOT}/Pods/Target Support Files/Pods-FirebaseDemo/Pods-FirebaseDemo-frameworks.sh\"\n";
			showEnvVarsInLog = 0;
		};
/* End PBXShellScriptBuildPhase section */

/* Begin PBXSourcesBuildPhase section */
		6B6F11A41E81D4A9002E39FB /* Sources */ = {
			isa = PBXSourcesBuildPhase;
			buildActionMask = 2147483647;
			files = (
				6B6F11AE1E81D4B1002E39FB /* ViewController.swift in Sources */,
				6B6F11AC1E81D4B1002E39FB /* AppDelegate.swift in Sources */,
			);
			runOnlyForDeploymentPostprocessing = 0;
		};
/* End PBXSourcesBuildPhase section */

/* Begin PBXVariantGroup section */
		6B6F11AF1E81D4B2002E39FB /* Main.storyboard */ = {
			isa = PBXVariantGroup;
			children = (
				6B6F11B01E81D4B2002E39FB /* Base */,
			);
			name = Main.storyboard;
			sourceTree = "<group>";
		};
		6B6F11B41E81D4B3002E39FB /* LaunchScreen.storyboard */ = {
			isa = PBXVariantGroup;
			children = (
				6B6F11B51E81D4B3002E39FB /* Base */,
			);
			name = LaunchScreen.storyboard;
			sourceTree = "<group>";
		};
/* End PBXVariantGroup section */

/* Begin XCBuildConfiguration section */
		6B6F11B81E81D4B3002E39FB /* Debug */ = {
			isa = XCBuildConfiguration;
			buildSettings = {
				ALWAYS_SEARCH_USER_PATHS = NO;
				CLANG_ANALYZER_NONNULL = YES;
				CLANG_CXX_LANGUAGE_STANDARD = "gnu++0x";
				CLANG_CXX_LIBRARY = "libc++";
				CLANG_ENABLE_MODULES = YES;
				CLANG_ENABLE_OBJC_ARC = YES;
				CLANG_WARN_BOOL_CONVERSION = YES;
				CLANG_WARN_CONSTANT_CONVERSION = YES;
				CLANG_WARN_DIRECT_OBJC_ISA_USAGE = YES_ERROR;
				CLANG_WARN_DOCUMENTATION_COMMENTS = YES;
				CLANG_WARN_EMPTY_BODY = YES;
				CLANG_WARN_ENUM_CONVERSION = YES;
				CLANG_WARN_INFINITE_RECURSION = YES;
				CLANG_WARN_INT_CONVERSION = YES;
				CLANG_WARN_OBJC_ROOT_CLASS = YES_ERROR;
				CLANG_WARN_SUSPICIOUS_MOVE = YES;
				CLANG_WARN_UNREACHABLE_CODE = YES;
				CLANG_WARN__DUPLICATE_METHOD_MATCH = YES;
				"CODE_SIGN_IDENTITY[sdk=iphoneos*]" = "iPhone Developer";
				COPY_PHASE_STRIP = NO;
				DEBUG_INFORMATION_FORMAT = dwarf;
				ENABLE_STRICT_OBJC_MSGSEND = YES;
				ENABLE_TESTABILITY = YES;
				GCC_C_LANGUAGE_STANDARD = gnu99;
				GCC_DYNAMIC_NO_PIC = NO;
				GCC_NO_COMMON_BLOCKS = YES;
				GCC_OPTIMIZATION_LEVEL = 0;
				GCC_PREPROCESSOR_DEFINITIONS = (
					"DEBUG=1",
					"$(inherited)",
				);
				GCC_WARN_64_TO_32_BIT_CONVERSION = YES;
				GCC_WARN_ABOUT_RETURN_TYPE = YES_ERROR;
				GCC_WARN_UNDECLARED_SELECTOR = YES;
				GCC_WARN_UNINITIALIZED_AUTOS = YES_AGGRESSIVE;
				GCC_WARN_UNUSED_FUNCTION = YES;
				GCC_WARN_UNUSED_VARIABLE = YES;
				IPHONEOS_DEPLOYMENT_TARGET = 10.2;
				MTL_ENABLE_DEBUG_INFO = YES;
				ONLY_ACTIVE_ARCH = YES;
				SDKROOT = iphoneos;
				SWIFT_ACTIVE_COMPILATION_CONDITIONS = DEBUG;
				SWIFT_OPTIMIZATION_LEVEL = "-Onone";
			};
			name = Debug;
		};
		6B6F11B91E81D4B3002E39FB /* Release */ = {
			isa = XCBuildConfiguration;
			buildSettings = {
				ALWAYS_SEARCH_USER_PATHS = NO;
				CLANG_ANALYZER_NONNULL = YES;
				CLANG_CXX_LANGUAGE_STANDARD = "gnu++0x";
				CLANG_CXX_LIBRARY = "libc++";
				CLANG_ENABLE_MODULES = YES;
				CLANG_ENABLE_OBJC_ARC = YES;
				CLANG_WARN_BOOL_CONVERSION = YES;
				CLANG_WARN_CONSTANT_CONVERSION = YES;
				CLANG_WARN_DIRECT_OBJC_ISA_USAGE = YES_ERROR;
				CLANG_WARN_DOCUMENTATION_COMMENTS = YES;
				CLANG_WARN_EMPTY_BODY = YES;
				CLANG_WARN_ENUM_CONVERSION = YES;
				CLANG_WARN_INFINITE_RECURSION = YES;
				CLANG_WARN_INT_CONVERSION = YES;
				CLANG_WARN_OBJC_ROOT_CLASS = YES_ERROR;
				CLANG_WARN_SUSPICIOUS_MOVE = YES;
				CLANG_WARN_UNREACHABLE_CODE = YES;
				CLANG_WARN__DUPLICATE_METHOD_MATCH = YES;
				"CODE_SIGN_IDENTITY[sdk=iphoneos*]" = "iPhone Developer";
				COPY_PHASE_STRIP = NO;
				DEBUG_INFORMATION_FORMAT = "dwarf-with-dsym";
				ENABLE_NS_ASSERTIONS = NO;
				ENABLE_STRICT_OBJC_MSGSEND = YES;
				GCC_C_LANGUAGE_STANDARD = gnu99;
				GCC_NO_COMMON_BLOCKS = YES;
				GCC_WARN_64_TO_32_BIT_CONVERSION = YES;
				GCC_WARN_ABOUT_RETURN_TYPE = YES_ERROR;
				GCC_WARN_UNDECLARED_SELECTOR = YES;
				GCC_WARN_UNINITIALIZED_AUTOS = YES_AGGRESSIVE;
				GCC_WARN_UNUSED_FUNCTION = YES;
				GCC_WARN_UNUSED_VARIABLE = YES;
				IPHONEOS_DEPLOYMENT_TARGET = 10.2;
				MTL_ENABLE_DEBUG_INFO = NO;
				SDKROOT = iphoneos;
				SWIFT_OPTIMIZATION_LEVEL = "-Owholemodule";
				VALIDATE_PRODUCT = YES;
			};
			name = Release;
		};
		6B6F11BB1E81D4B3002E39FB /* Debug */ = {
			isa = XCBuildConfiguration;
			baseConfigurationReference = 99EE283F76FF1B7D7D9760D1 /* Pods-FirebaseDemo.debug.xcconfig */;
			buildSettings = {
				ASSETCATALOG_COMPILER_APPICON_NAME = AppIcon;
				CODE_SIGN_ENTITLEMENTS = FirebaseDemo/FirebaseDemo.entitlements;
				DEVELOPMENT_TEAM = K6X6W49X97;
				INFOPLIST_FILE = FirebaseDemo/Info.plist;
				IPHONEOS_DEPLOYMENT_TARGET = 9.3;
				LD_RUNPATH_SEARCH_PATHS = "$(inherited) @executable_path/Frameworks";
				PRODUCT_BUNDLE_IDENTIFIER = com.demo.FirebaseDemo;
				PRODUCT_NAME = "$(TARGET_NAME)";
				SWIFT_VERSION = 3.0;
			};
			name = Debug;
		};
		6B6F11BC1E81D4B3002E39FB /* Release */ = {
			isa = XCBuildConfiguration;
			baseConfigurationReference = 6BCD86EF9CC8E65F26AA8077 /* Pods-FirebaseDemo.release.xcconfig */;
			buildSettings = {
				ASSETCATALOG_COMPILER_APPICON_NAME = AppIcon;
				CODE_SIGN_ENTITLEMENTS = FirebaseDemo/FirebaseDemo.entitlements;
				DEVELOPMENT_TEAM = K6X6W49X97;
				INFOPLIST_FILE = FirebaseDemo/Info.plist;
				IPHONEOS_DEPLOYMENT_TARGET = 9.3;
				LD_RUNPATH_SEARCH_PATHS = "$(inherited) @executable_path/Frameworks";
				PRODUCT_BUNDLE_IDENTIFIER = com.demo.FirebaseDemo;
				PRODUCT_NAME = "$(TARGET_NAME)";
				SWIFT_VERSION = 3.0;
			};
			name = Release;
		};
/* End XCBuildConfiguration section */

/* Begin XCConfigurationList section */
		6B6F11A31E81D4A8002E39FB /* Build configuration list for PBXProject "FirebaseDemo" */ = {
			isa = XCConfigurationList;
			buildConfigurations = (
				6B6F11B81E81D4B3002E39FB /* Debug */,
				6B6F11B91E81D4B3002E39FB /* Release */,
			);
			defaultConfigurationIsVisible = 0;
			defaultConfigurationName = Release;
		};
		6B6F11BA1E81D4B3002E39FB /* Build configuration list for PBXNativeTarget "FirebaseDemo" */ = {
			isa = XCConfigurationList;
			buildConfigurations = (
				6B6F11BB1E81D4B3002E39FB /* Debug */,
				6B6F11BC1E81D4B3002E39FB /* Release */,
			);
			defaultConfigurationIsVisible = 0;
			defaultConfigurationName = Release;
		};
/* End XCConfigurationList section */
	};
	rootObject = 6B6F11A01E81D4A8002E39FB /* Project object */;
}
